
Microsoft Visual Studio Solution File, Format Version 12.00
# Visual Studio Version 17
VisualStudioVersion = 17.14.36518.9
MinimumVisualStudioVersion = 10.0.40219.1
Project("{FAE04EC0-301F-11D3-BF4B-00C04F79EFBC}") = "CXYZ", "CXYZ.csproj", "{A628C7AD-F33C-4B0D-A46F-ACCAE0F3299A}"
EndProject
Global
	GlobalSection(SolutionConfigurationPlatforms) = preSolution
		Debug|Any CPU = Debug|Any CPU
		Release|Any CPU = Release|Any CPU
	EndGlobalSection
	GlobalSection(ProjectConfigurationPlatforms) = postSolution
		{A628C7AD-F33C-4B0D-A46F-ACCAE0F3299A}.Debug|Any CPU.ActiveCfg = Debug|Any CPU
		{A628C7AD-F33C-4B0D-A46F-ACCAE0F3299A}.Debug|Any CPU.Build.0 = Debug|Any CPU
		{A628C7AD-F33C-4B0D-A46F-ACCAE0F3299A}.Release|Any CPU.ActiveCfg = Release|Any CPU
		{A628C7AD-F33C-4B0D-A46F-ACCAE0F3299A}.Release|Any CPU.Build.0 = Release|Any CPU
	EndGlobalSection
	GlobalSection(SolutionProperties) = preSolution
		HideSolutionNode = FALSE
	EndGlobalSection
	GlobalSection(ExtensibilityGlobals) = postSolution
		SolutionGuid = {13EC22FF-A2D6-4F00-A08A-4C7217B2DA15}
	EndGlobalSection
EndGlobal
